// !$*UTF8*$!
{
	archiveVersion = 1;
	classes = {
	};
	objectVersion = 56;
	objects = {

/* Begin PBXBuildFile section */
		74181EA72A4ECE9400A4E737 /* RecipeStep.swift in Sources */ = {isa = PBXBuildFile; fileRef = 74181EA62A4ECE9400A4E737 /* RecipeStep.swift */; };
		74181EA92A4ED09100A4E737 /* StepFormView.swift in Sources */ = {isa = PBXBuildFile; fileRef = 74181EA82A4ED09100A4E737 /* StepFormView.swift */; };
		74181EAB2A4F1B0400A4E737 /* CategoriesView.swift in Sources */ = {isa = PBXBuildFile; fileRef = 74181EAA2A4F1B0400A4E737 /* CategoriesView.swift */; };
		74181EAE2A4F5FEF00A4E737 /* RealmManager.swift in Sources */ = {isa = PBXBuildFile; fileRef = 74181EAD2A4F5FEF00A4E737 /* RealmManager.swift */; };
		74181EB32A5353D200A4E737 /* SearchViewModel.swift in Sources */ = {isa = PBXBuildFile; fileRef = 74181EB22A5353D200A4E737 /* SearchViewModel.swift */; };
		74181EB52A53541000A4E737 /* SearchParameters.swift in Sources */ = {isa = PBXBuildFile; fileRef = 74181EB42A53541000A4E737 /* SearchParameters.swift */; };
		74181EB72A541E5500A4E737 /* ImagePicker.swift in Sources */ = {isa = PBXBuildFile; fileRef = 74181EB62A541E5500A4E737 /* ImagePicker.swift */; };
		74181EB92A543F3E00A4E737 /* ListView.swift in Sources */ = {isa = PBXBuildFile; fileRef = 74181EB82A543F3E00A4E737 /* ListView.swift */; };
		74181EBB2A548BF400A4E737 /* ListViewModel.swift in Sources */ = {isa = PBXBuildFile; fileRef = 74181EBA2A548BF400A4E737 /* ListViewModel.swift */; };
		7447BA332A49F4A400CE11DE /* RecipesApp.swift in Sources */ = {isa = PBXBuildFile; fileRef = 7447BA322A49F4A400CE11DE /* RecipesApp.swift */; };
		7447BA352A49F4A400CE11DE /* ContentView.swift in Sources */ = {isa = PBXBuildFile; fileRef = 7447BA342A49F4A400CE11DE /* ContentView.swift */; };
		7447BA372A49F4A700CE11DE /* Assets.xcassets in Resources */ = {isa = PBXBuildFile; fileRef = 7447BA362A49F4A700CE11DE /* Assets.xcassets */; };
		7447BA3A2A49F4A700CE11DE /* Preview Assets.xcassets in Resources */ = {isa = PBXBuildFile; fileRef = 7447BA392A49F4A700CE11DE /* Preview Assets.xcassets */; };
		7447BA412A49F59300CE11DE /* LoginView.swift in Sources */ = {isa = PBXBuildFile; fileRef = 7447BA402A49F59300CE11DE /* LoginView.swift */; };
		7447BA432A49F6D900CE11DE /* LoginViewModel.swift in Sources */ = {isa = PBXBuildFile; fileRef = 7447BA422A49F6D900CE11DE /* LoginViewModel.swift */; };
		7447BA482A49FB2000CE11DE /* WebView.swift in Sources */ = {isa = PBXBuildFile; fileRef = 7447BA472A49FB2000CE11DE /* WebView.swift */; };
		7447BA4A2A4A14CC00CE11DE /* AppView.swift in Sources */ = {isa = PBXBuildFile; fileRef = 7447BA492A4A14CC00CE11DE /* AppView.swift */; };
		7447BA4D2A4A1FB400CE11DE /* Realm in Frameworks */ = {isa = PBXBuildFile; productRef = 7447BA4C2A4A1FB400CE11DE /* Realm */; };
		7447BA4F2A4A1FB400CE11DE /* RealmSwift in Frameworks */ = {isa = PBXBuildFile; productRef = 7447BA4E2A4A1FB400CE11DE /* RealmSwift */; };
		7447BA532A4DF93C00CE11DE /* Recipe.swift in Sources */ = {isa = PBXBuildFile; fileRef = 7447BA522A4DF93C00CE11DE /* Recipe.swift */; };
		7447BA552A4E041A00CE11DE /* Ingredient.swift in Sources */ = {isa = PBXBuildFile; fileRef = 7447BA542A4E041A00CE11DE /* Ingredient.swift */; };
		7447BA572A4E042B00CE11DE /* Category.swift in Sources */ = {isa = PBXBuildFile; fileRef = 7447BA562A4E042B00CE11DE /* Category.swift */; };
		7447BA5D2A4E1E1E00CE11DE /* AppViewModel.swift in Sources */ = {isa = PBXBuildFile; fileRef = 7447BA5C2A4E1E1E00CE11DE /* AppViewModel.swift */; };
		7447BA5F2A4E1E6900CE11DE /* CreateRecipeView.swift in Sources */ = {isa = PBXBuildFile; fileRef = 7447BA5E2A4E1E6900CE11DE /* CreateRecipeView.swift */; };
		7447BA612A4E1ECD00CE11DE /* CreateRecipeViewModel.swift in Sources */ = {isa = PBXBuildFile; fileRef = 7447BA602A4E1ECD00CE11DE /* CreateRecipeViewModel.swift */; };
		7447BA632A4E1FDA00CE11DE /* Section.swift in Sources */ = {isa = PBXBuildFile; fileRef = 7447BA622A4E1FDA00CE11DE /* Section.swift */; };
		7447BA652A4E202000CE11DE /* AppColor.swift in Sources */ = {isa = PBXBuildFile; fileRef = 7447BA642A4E202000CE11DE /* AppColor.swift */; };
		7447BA672A4E212200CE11DE /* Row.swift in Sources */ = {isa = PBXBuildFile; fileRef = 7447BA662A4E212200CE11DE /* Row.swift */; };
		7447BA692A4E222600CE11DE /* Form.swift in Sources */ = {isa = PBXBuildFile; fileRef = 7447BA682A4E222600CE11DE /* Form.swift */; };
		7447BA6B2A4EC30E00CE11DE /* AddingIngredientView.swift in Sources */ = {isa = PBXBuildFile; fileRef = 7447BA6A2A4EC30E00CE11DE /* AddingIngredientView.swift */; };
/* End PBXBuildFile section */

/* Begin PBXFileReference section */
		74181EA62A4ECE9400A4E737 /* RecipeStep.swift */ = {isa = PBXFileReference; lastKnownFileType = sourcecode.swift; path = RecipeStep.swift; sourceTree = "<group>"; };
		74181EA82A4ED09100A4E737 /* StepFormView.swift */ = {isa = PBXFileReference; lastKnownFileType = sourcecode.swift; path = StepFormView.swift; sourceTree = "<group>"; };
		74181EAA2A4F1B0400A4E737 /* CategoriesView.swift */ = {isa = PBXFileReference; lastKnownFileType = sourcecode.swift; path = CategoriesView.swift; sourceTree = "<group>"; };
		74181EAD2A4F5FEF00A4E737 /* RealmManager.swift */ = {isa = PBXFileReference; lastKnownFileType = sourcecode.swift; path = RealmManager.swift; sourceTree = "<group>"; };
		74181EB22A5353D200A4E737 /* SearchViewModel.swift */ = {isa = PBXFileReference; lastKnownFileType = sourcecode.swift; path = SearchViewModel.swift; sourceTree = "<group>"; };
		74181EB42A53541000A4E737 /* SearchParameters.swift */ = {isa = PBXFileReference; lastKnownFileType = sourcecode.swift; path = SearchParameters.swift; sourceTree = "<group>"; };
		74181EB62A541E5500A4E737 /* ImagePicker.swift */ = {isa = PBXFileReference; lastKnownFileType = sourcecode.swift; path = ImagePicker.swift; sourceTree = "<group>"; };
		74181EB82A543F3E00A4E737 /* ListView.swift */ = {isa = PBXFileReference; lastKnownFileType = sourcecode.swift; path = ListView.swift; sourceTree = "<group>"; };
		74181EBA2A548BF400A4E737 /* ListViewModel.swift */ = {isa = PBXFileReference; lastKnownFileType = sourcecode.swift; path = ListViewModel.swift; sourceTree = "<group>"; };
		7447BA2F2A49F4A400CE11DE /* Recipes.app */ = {isa = PBXFileReference; explicitFileType = wrapper.application; includeInIndex = 0; path = Recipes.app; sourceTree = BUILT_PRODUCTS_DIR; };
		7447BA322A49F4A400CE11DE /* RecipesApp.swift */ = {isa = PBXFileReference; lastKnownFileType = sourcecode.swift; path = RecipesApp.swift; sourceTree = "<group>"; };
		7447BA342A49F4A400CE11DE /* ContentView.swift */ = {isa = PBXFileReference; lastKnownFileType = sourcecode.swift; path = ContentView.swift; sourceTree = "<group>"; };
		7447BA362A49F4A700CE11DE /* Assets.xcassets */ = {isa = PBXFileReference; lastKnownFileType = folder.assetcatalog; path = Assets.xcassets; sourceTree = "<group>"; };
		7447BA392A49F4A700CE11DE /* Preview Assets.xcassets */ = {isa = PBXFileReference; lastKnownFileType = folder.assetcatalog; path = "Preview Assets.xcassets"; sourceTree = "<group>"; };
		7447BA402A49F59300CE11DE /* LoginView.swift */ = {isa = PBXFileReference; lastKnownFileType = sourcecode.swift; path = LoginView.swift; sourceTree = "<group>"; };
		7447BA422A49F6D900CE11DE /* LoginViewModel.swift */ = {isa = PBXFileReference; lastKnownFileType = sourcecode.swift; path = LoginViewModel.swift; sourceTree = "<group>"; };
		7447BA472A49FB2000CE11DE /* WebView.swift */ = {isa = PBXFileReference; lastKnownFileType = sourcecode.swift; path = WebView.swift; sourceTree = "<group>"; };
		7447BA492A4A14CC00CE11DE /* AppView.swift */ = {isa = PBXFileReference; lastKnownFileType = sourcecode.swift; path = AppView.swift; sourceTree = "<group>"; };
		7447BA522A4DF93C00CE11DE /* Recipe.swift */ = {isa = PBXFileReference; lastKnownFileType = sourcecode.swift; path = Recipe.swift; sourceTree = "<group>"; };
		7447BA542A4E041A00CE11DE /* Ingredient.swift */ = {isa = PBXFileReference; lastKnownFileType = sourcecode.swift; path = Ingredient.swift; sourceTree = "<group>"; };
		7447BA562A4E042B00CE11DE /* Category.swift */ = {isa = PBXFileReference; lastKnownFileType = sourcecode.swift; path = Category.swift; sourceTree = "<group>"; };
		7447BA5C2A4E1E1E00CE11DE /* AppViewModel.swift */ = {isa = PBXFileReference; lastKnownFileType = sourcecode.swift; path = AppViewModel.swift; sourceTree = "<group>"; };
		7447BA5E2A4E1E6900CE11DE /* CreateRecipeView.swift */ = {isa = PBXFileReference; lastKnownFileType = sourcecode.swift; path = CreateRecipeView.swift; sourceTree = "<group>"; };
		7447BA602A4E1ECD00CE11DE /* CreateRecipeViewModel.swift */ = {isa = PBXFileReference; lastKnownFileType = sourcecode.swift; path = CreateRecipeViewModel.swift; sourceTree = "<group>"; };
		7447BA622A4E1FDA00CE11DE /* Section.swift */ = {isa = PBXFileReference; lastKnownFileType = sourcecode.swift; path = Section.swift; sourceTree = "<group>"; };
		7447BA642A4E202000CE11DE /* AppColor.swift */ = {isa = PBXFileReference; lastKnownFileType = sourcecode.swift; path = AppColor.swift; sourceTree = "<group>"; };
		7447BA662A4E212200CE11DE /* Row.swift */ = {isa = PBXFileReference; lastKnownFileType = sourcecode.swift; path = Row.swift; sourceTree = "<group>"; };
		7447BA682A4E222600CE11DE /* Form.swift */ = {isa = PBXFileReference; lastKnownFileType = sourcecode.swift; path = Form.swift; sourceTree = "<group>"; };
		7447BA6A2A4EC30E00CE11DE /* AddingIngredientView.swift */ = {isa = PBXFileReference; lastKnownFileType = sourcecode.swift; path = AddingIngredientView.swift; sourceTree = "<group>"; };
/* End PBXFileReference section */

/* Begin PBXFrameworksBuildPhase section */
		7447BA2C2A49F4A400CE11DE /* Frameworks */ = {
			isa = PBXFrameworksBuildPhase;
			buildActionMask = 2147483647;
			files = (
				7447BA4F2A4A1FB400CE11DE /* RealmSwift in Frameworks */,
				7447BA4D2A4A1FB400CE11DE /* Realm in Frameworks */,
			);
			runOnlyForDeploymentPostprocessing = 0;
		};
/* End PBXFrameworksBuildPhase section */

/* Begin PBXGroup section */
		74181EAC2A4F5FBF00A4E737 /* RealmManager */ = {
			isa = PBXGroup;
			children = (
				74181EAD2A4F5FEF00A4E737 /* RealmManager.swift */,
			);
			path = RealmManager;
			sourceTree = "<group>";
		};
		74181EAF2A52A02F00A4E737 /* ViewElements */ = {
			isa = PBXGroup;
			children = (
				7447BA6A2A4EC30E00CE11DE /* AddingIngredientView.swift */,
				74181EAA2A4F1B0400A4E737 /* CategoriesView.swift */,
				74181EA82A4ED09100A4E737 /* StepFormView.swift */,
				7447BA622A4E1FDA00CE11DE /* Section.swift */,
				7447BA662A4E212200CE11DE /* Row.swift */,
				7447BA682A4E222600CE11DE /* Form.swift */,
				7447BA642A4E202000CE11DE /* AppColor.swift */,
			);
			path = ViewElements;
			sourceTree = "<group>";
		};
		74181EB12A534A8700A4E737 /* Common */ = {
			isa = PBXGroup;
			children = (
				74181EB62A541E5500A4E737 /* ImagePicker.swift */,
				74181EAF2A52A02F00A4E737 /* ViewElements */,
				74181EAC2A4F5FBF00A4E737 /* RealmManager */,
			);
			path = Common;
			sourceTree = "<group>";
		};
		7447BA262A49F4A400CE11DE = {
			isa = PBXGroup;
			children = (
				7447BA312A49F4A400CE11DE /* Recipes */,
				7447BA302A49F4A400CE11DE /* Products */,
			);
			sourceTree = "<group>";
		};
		7447BA302A49F4A400CE11DE /* Products */ = {
			isa = PBXGroup;
			children = (
				7447BA2F2A49F4A400CE11DE /* Recipes.app */,
			);
			name = Products;
			sourceTree = "<group>";
		};
		7447BA312A49F4A400CE11DE /* Recipes */ = {
			isa = PBXGroup;
			children = (
				74181EB12A534A8700A4E737 /* Common */,
				7447BA462A49FB0400CE11DE /* ViewModel */,
				7447BA452A49FAFE00CE11DE /* View */,
				7447BA442A49FAF800CE11DE /* Model */,
				7447BA362A49F4A700CE11DE /* Assets.xcassets */,
				7447BA322A49F4A400CE11DE /* RecipesApp.swift */,
				7447BA382A49F4A700CE11DE /* Preview Content */,
			);
			path = Recipes;
			sourceTree = "<group>";
		};
		7447BA382A49F4A700CE11DE /* Preview Content */ = {
			isa = PBXGroup;
			children = (
				7447BA392A49F4A700CE11DE /* Preview Assets.xcassets */,
			);
			path = "Preview Content";
			sourceTree = "<group>";
		};
		7447BA442A49FAF800CE11DE /* Model */ = {
			isa = PBXGroup;
			children = (
				7447BA522A4DF93C00CE11DE /* Recipe.swift */,
				7447BA542A4E041A00CE11DE /* Ingredient.swift */,
				7447BA562A4E042B00CE11DE /* Category.swift */,
				74181EA62A4ECE9400A4E737 /* RecipeStep.swift */,
				74181EB42A53541000A4E737 /* SearchParameters.swift */,
			);
			path = Model;
			sourceTree = "<group>";
		};
		7447BA452A49FAFE00CE11DE /* View */ = {
			isa = PBXGroup;
			children = (
				7447BA342A49F4A400CE11DE /* ContentView.swift */,
				7447BA402A49F59300CE11DE /* LoginView.swift */,
				7447BA492A4A14CC00CE11DE /* AppView.swift */,
				7447BA5E2A4E1E6900CE11DE /* CreateRecipeView.swift */,
				74181EB82A543F3E00A4E737 /* ListView.swift */,
			);
			path = View;
			sourceTree = "<group>";
		};
		7447BA462A49FB0400CE11DE /* ViewModel */ = {
			isa = PBXGroup;
			children = (
				7447BA472A49FB2000CE11DE /* WebView.swift */,
				7447BA422A49F6D900CE11DE /* LoginViewModel.swift */,
				7447BA5C2A4E1E1E00CE11DE /* AppViewModel.swift */,
				7447BA602A4E1ECD00CE11DE /* CreateRecipeViewModel.swift */,
				74181EB22A5353D200A4E737 /* SearchViewModel.swift */,
				74181EBA2A548BF400A4E737 /* ListViewModel.swift */,
			);
			path = ViewModel;
			sourceTree = "<group>";
		};
/* End PBXGroup section */

/* Begin PBXNativeTarget section */
		7447BA2E2A49F4A400CE11DE /* Recipes */ = {
			isa = PBXNativeTarget;
			buildConfigurationList = 7447BA3D2A49F4A700CE11DE /* Build configuration list for PBXNativeTarget "Recipes" */;
			buildPhases = (
				7447BA2B2A49F4A400CE11DE /* Sources */,
				7447BA2C2A49F4A400CE11DE /* Frameworks */,
				7447BA2D2A49F4A400CE11DE /* Resources */,
				74181EB02A52A69D00A4E737 /* ShellScript */,
			);
			buildRules = (
			);
			dependencies = (
			);
			name = Recipes;
			packageProductDependencies = (
				7447BA4C2A4A1FB400CE11DE /* Realm */,
				7447BA4E2A4A1FB400CE11DE /* RealmSwift */,
			);
			productName = Recipes_dsr;
			productReference = 7447BA2F2A49F4A400CE11DE /* Recipes.app */;
			productType = "com.apple.product-type.application";
		};
/* End PBXNativeTarget section */

/* Begin PBXProject section */
		7447BA272A49F4A400CE11DE /* Project object */ = {
			isa = PBXProject;
			attributes = {
				BuildIndependentTargetsInParallel = 1;
				LastSwiftUpdateCheck = 1430;
				LastUpgradeCheck = 1430;
				TargetAttributes = {
					7447BA2E2A49F4A400CE11DE = {
						CreatedOnToolsVersion = 14.3;
					};
				};
			};
			buildConfigurationList = 7447BA2A2A49F4A400CE11DE /* Build configuration list for PBXProject "Recipes" */;
			compatibilityVersion = "Xcode 14.0";
			developmentRegion = en;
			hasScannedForEncodings = 0;
			knownRegions = (
				en,
				Base,
			);
			mainGroup = 7447BA262A49F4A400CE11DE;
			packageReferences = (
				7447BA4B2A4A1FB400CE11DE /* XCRemoteSwiftPackageReference "realm-swift" */,
			);
			productRefGroup = 7447BA302A49F4A400CE11DE /* Products */;
			projectDirPath = "";
			projectRoot = "";
			targets = (
				7447BA2E2A49F4A400CE11DE /* Recipes */,
			);
		};
/* End PBXProject section */

/* Begin PBXResourcesBuildPhase section */
		7447BA2D2A49F4A400CE11DE /* Resources */ = {
			isa = PBXResourcesBuildPhase;
			buildActionMask = 2147483647;
			files = (
				7447BA3A2A49F4A700CE11DE /* Preview Assets.xcassets in Resources */,
				7447BA372A49F4A700CE11DE /* Assets.xcassets in Resources */,
			);
			runOnlyForDeploymentPostprocessing = 0;
		};
/* End PBXResourcesBuildPhase section */

/* Begin PBXShellScriptBuildPhase section */
		74181EB02A52A69D00A4E737 /* ShellScript */ = {
			isa = PBXShellScriptBuildPhase;
			buildActionMask = 2147483647;
			files = (
			);
			inputFileListPaths = (
			);
			inputPaths = (
			);
			outputFileListPaths = (
			);
			outputPaths = (
			);
			runOnlyForDeploymentPostprocessing = 0;
			shellPath = /bin/sh;
			shellScript = "
";
		};
/* End PBXShellScriptBuildPhase section */

/* Begin PBXSourcesBuildPhase section */
		7447BA2B2A49F4A400CE11DE /* Sources */ = {
			isa = PBXSourcesBuildPhase;
			buildActionMask = 2147483647;
			files = (
				74181EB32A5353D200A4E737 /* SearchViewModel.swift in Sources */,
				7447BA5D2A4E1E1E00CE11DE /* AppViewModel.swift in Sources */,
				7447BA692A4E222600CE11DE /* Form.swift in Sources */,
				7447BA552A4E041A00CE11DE /* Ingredient.swift in Sources */,
				7447BA432A49F6D900CE11DE /* LoginViewModel.swift in Sources */,
				7447BA652A4E202000CE11DE /* AppColor.swift in Sources */,
				74181EAE2A4F5FEF00A4E737 /* RealmManager.swift in Sources */,
				74181EB92A543F3E00A4E737 /* ListView.swift in Sources */,
				7447BA632A4E1FDA00CE11DE /* Section.swift in Sources */,
				7447BA672A4E212200CE11DE /* Row.swift in Sources */,
				74181EA72A4ECE9400A4E737 /* RecipeStep.swift in Sources */,
				74181EAB2A4F1B0400A4E737 /* CategoriesView.swift in Sources */,
				7447BA482A49FB2000CE11DE /* WebView.swift in Sources */,
				7447BA532A4DF93C00CE11DE /* Recipe.swift in Sources */,
				74181EA92A4ED09100A4E737 /* StepFormView.swift in Sources */,
				7447BA6B2A4EC30E00CE11DE /* AddingIngredientView.swift in Sources */,
				7447BA4A2A4A14CC00CE11DE /* AppView.swift in Sources */,
				7447BA572A4E042B00CE11DE /* Category.swift in Sources */,
				7447BA412A49F59300CE11DE /* LoginView.swift in Sources */,
				74181EB52A53541000A4E737 /* SearchParameters.swift in Sources */,
				7447BA5F2A4E1E6900CE11DE /* CreateRecipeView.swift in Sources */,
				7447BA352A49F4A400CE11DE /* ContentView.swift in Sources */,
				74181EBB2A548BF400A4E737 /* ListViewModel.swift in Sources */,
				74181EB72A541E5500A4E737 /* ImagePicker.swift in Sources */,
				7447BA612A4E1ECD00CE11DE /* CreateRecipeViewModel.swift in Sources */,
				7447BA332A49F4A400CE11DE /* RecipesApp.swift in Sources */,
			);
			runOnlyForDeploymentPostprocessing = 0;
		};
/* End PBXSourcesBuildPhase section */

/* Begin XCBuildConfiguration section */
		7447BA3B2A49F4A700CE11DE /* Debug */ = {
			isa = XCBuildConfiguration;
			buildSettings = {
				ALWAYS_SEARCH_USER_PATHS = NO;
				CLANG_ANALYZER_NONNULL = YES;
				CLANG_ANALYZER_NUMBER_OBJECT_CONVERSION = YES_AGGRESSIVE;
				CLANG_CXX_LANGUAGE_STANDARD = "gnu++20";
				CLANG_ENABLE_MODULES = YES;
				CLANG_ENABLE_OBJC_ARC = YES;
				CLANG_ENABLE_OBJC_WEAK = YES;
				CLANG_WARN_BLOCK_CAPTURE_AUTORELEASING = YES;
				CLANG_WARN_BOOL_CONVERSION = YES;
				CLANG_WARN_COMMA = YES;
				CLANG_WARN_CONSTANT_CONVERSION = YES;
				CLANG_WARN_DEPRECATED_OBJC_IMPLEMENTATIONS = YES;
				CLANG_WARN_DIRECT_OBJC_ISA_USAGE = YES_ERROR;
				CLANG_WARN_DOCUMENTATION_COMMENTS = YES;
				CLANG_WARN_EMPTY_BODY = YES;
				CLANG_WARN_ENUM_CONVERSION = YES;
				CLANG_WARN_INFINITE_RECURSION = YES;
				CLANG_WARN_INT_CONVERSION = YES;
				CLANG_WARN_NON_LITERAL_NULL_CONVERSION = YES;
				CLANG_WARN_OBJC_IMPLICIT_RETAIN_SELF = YES;
				CLANG_WARN_OBJC_LITERAL_CONVERSION = YES;
				CLANG_WARN_OBJC_ROOT_CLASS = YES_ERROR;
				CLANG_WARN_QUOTED_INCLUDE_IN_FRAMEWORK_HEADER = YES;
				CLANG_WARN_RANGE_LOOP_ANALYSIS = YES;
				CLANG_WARN_STRICT_PROTOTYPES = YES;
				CLANG_WARN_SUSPICIOUS_MOVE = YES;
				CLANG_WARN_UNGUARDED_AVAILABILITY = YES_AGGRESSIVE;
				CLANG_WARN_UNREACHABLE_CODE = YES;
				CLANG_WARN__DUPLICATE_METHOD_MATCH = YES;
				COPY_PHASE_STRIP = NO;
				DEBUG_INFORMATION_FORMAT = dwarf;
				ENABLE_STRICT_OBJC_MSGSEND = YES;
				ENABLE_TESTABILITY = YES;
				GCC_C_LANGUAGE_STANDARD = gnu11;
				GCC_DYNAMIC_NO_PIC = NO;
				GCC_NO_COMMON_BLOCKS = YES;
				GCC_OPTIMIZATION_LEVEL = 0;
				GCC_PREPROCESSOR_DEFINITIONS = (
					"DEBUG=1",
					"$(inherited)",
				);
				GCC_WARN_64_TO_32_BIT_CONVERSION = YES;
				GCC_WARN_ABOUT_RETURN_TYPE = YES_ERROR;
				GCC_WARN_UNDECLARED_SELECTOR = YES;
				GCC_WARN_UNINITIALIZED_AUTOS = YES_AGGRESSIVE;
				GCC_WARN_UNUSED_FUNCTION = YES;
				GCC_WARN_UNUSED_VARIABLE = YES;
				IPHONEOS_DEPLOYMENT_TARGET = 16.4;
				MTL_ENABLE_DEBUG_INFO = INCLUDE_SOURCE;
				MTL_FAST_MATH = YES;
				ONLY_ACTIVE_ARCH = YES;
				SDKROOT = iphoneos;
				SWIFT_ACTIVE_COMPILATION_CONDITIONS = DEBUG;
				SWIFT_OPTIMIZATION_LEVEL = "-Onone";
			};
			name = Debug;
		};
		7447BA3C2A49F4A700CE11DE /* Release */ = {
			isa = XCBuildConfiguration;
			buildSettings = {
				ALWAYS_SEARCH_USER_PATHS = NO;
				CLANG_ANALYZER_NONNULL = YES;
				CLANG_ANALYZER_NUMBER_OBJECT_CONVERSION = YES_AGGRESSIVE;
				CLANG_CXX_LANGUAGE_STANDARD = "gnu++20";
				CLANG_ENABLE_MODULES = YES;
				CLANG_ENABLE_OBJC_ARC = YES;
				CLANG_ENABLE_OBJC_WEAK = YES;
				CLANG_WARN_BLOCK_CAPTURE_AUTORELEASING = YES;
				CLANG_WARN_BOOL_CONVERSION = YES;
				CLANG_WARN_COMMA = YES;
				CLANG_WARN_CONSTANT_CONVERSION = YES;
				CLANG_WARN_DEPRECATED_OBJC_IMPLEMENTATIONS = YES;
				CLANG_WARN_DIRECT_OBJC_ISA_USAGE = YES_ERROR;
				CLANG_WARN_DOCUMENTATION_COMMENTS = YES;
				CLANG_WARN_EMPTY_BODY = YES;
				CLANG_WARN_ENUM_CONVERSION = YES;
				CLANG_WARN_INFINITE_RECURSION = YES;
				CLANG_WARN_INT_CONVERSION = YES;
				CLANG_WARN_NON_LITERAL_NULL_CONVERSION = YES;
				CLANG_WARN_OBJC_IMPLICIT_RETAIN_SELF = YES;
				CLANG_WARN_OBJC_LITERAL_CONVERSION = YES;
				CLANG_WARN_OBJC_ROOT_CLASS = YES_ERROR;
				CLANG_WARN_QUOTED_INCLUDE_IN_FRAMEWORK_HEADER = YES;
				CLANG_WARN_RANGE_LOOP_ANALYSIS = YES;
				CLANG_WARN_STRICT_PROTOTYPES = YES;
				CLANG_WARN_SUSPICIOUS_MOVE = YES;
				CLANG_WARN_UNGUARDED_AVAILABILITY = YES_AGGRESSIVE;
				CLANG_WARN_UNREACHABLE_CODE = YES;
				CLANG_WARN__DUPLICATE_METHOD_MATCH = YES;
				COPY_PHASE_STRIP = NO;
				DEBUG_INFORMATION_FORMAT = "dwarf-with-dsym";
				ENABLE_NS_ASSERTIONS = NO;
				ENABLE_STRICT_OBJC_MSGSEND = YES;
				GCC_C_LANGUAGE_STANDARD = gnu11;
				GCC_NO_COMMON_BLOCKS = YES;
				GCC_WARN_64_TO_32_BIT_CONVERSION = YES;
				GCC_WARN_ABOUT_RETURN_TYPE = YES_ERROR;
				GCC_WARN_UNDECLARED_SELECTOR = YES;
				GCC_WARN_UNINITIALIZED_AUTOS = YES_AGGRESSIVE;
				GCC_WARN_UNUSED_FUNCTION = YES;
				GCC_WARN_UNUSED_VARIABLE = YES;
				IPHONEOS_DEPLOYMENT_TARGET = 16.4;
				MTL_ENABLE_DEBUG_INFO = NO;
				MTL_FAST_MATH = YES;
				SDKROOT = iphoneos;
				SWIFT_COMPILATION_MODE = wholemodule;
				SWIFT_OPTIMIZATION_LEVEL = "-O";
				VALIDATE_PRODUCT = YES;
			};
			name = Release;
		};
		7447BA3E2A49F4A700CE11DE /* Debug */ = {
			isa = XCBuildConfiguration;
			buildSettings = {
				ASSETCATALOG_COMPILER_APPICON_NAME = AppIcon;
				ASSETCATALOG_COMPILER_GLOBAL_ACCENT_COLOR_NAME = AccentColor;
				CODE_SIGN_STYLE = Automatic;
				CURRENT_PROJECT_VERSION = 1;
				DEVELOPMENT_ASSET_PATHS = "\"Recipes/Preview Content\"";
				DEVELOPMENT_TEAM = 8542ZPKJ73;
				ENABLE_PREVIEWS = YES;
				GENERATE_INFOPLIST_FILE = YES;
				INFOPLIST_KEY_UIApplicationSceneManifest_Generation = YES;
				INFOPLIST_KEY_UIApplicationSupportsIndirectInputEvents = YES;
				INFOPLIST_KEY_UILaunchScreen_Generation = YES;
				INFOPLIST_KEY_UISupportedInterfaceOrientations_iPad = "UIInterfaceOrientationPortrait UIInterfaceOrientationPortraitUpsideDown UIInterfaceOrientationLandscapeLeft UIInterfaceOrientationLandscapeRight";
				INFOPLIST_KEY_UISupportedInterfaceOrientations_iPhone = "UIInterfaceOrientationPortrait UIInterfaceOrientationLandscapeLeft UIInterfaceOrientationLandscapeRight";
				LD_RUNPATH_SEARCH_PATHS = (
					"$(inherited)",
					"@executable_path/Frameworks",
				);
				MARKETING_VERSION = 1.0;
				PRODUCT_BUNDLE_IDENTIFIER = "zabashtina.Recipes-dsr";
				PRODUCT_NAME = "$(TARGET_NAME)";
				SWIFT_EMIT_LOC_STRINGS = YES;
				SWIFT_VERSION = 5.0;
				TARGETED_DEVICE_FAMILY = "1,2";
			};
			name = Debug;
		};
		7447BA3F2A49F4A700CE11DE /* Release */ = {
			isa = XCBuildConfiguration;
			buildSettings = {
				ASSETCATALOG_COMPILER_APPICON_NAME = AppIcon;
				ASSETCATALOG_COMPILER_GLOBAL_ACCENT_COLOR_NAME = AccentColor;
				CODE_SIGN_STYLE = Automatic;
				CURRENT_PROJECT_VERSION = 1;
				DEVELOPMENT_ASSET_PATHS = "\"Recipes/Preview Content\"";
				DEVELOPMENT_TEAM = 8542ZPKJ73;
				ENABLE_PREVIEWS = YES;
				GENERATE_INFOPLIST_FILE = YES;
				INFOPLIST_KEY_UIApplicationSceneManifest_Generation = YES;
				INFOPLIST_KEY_UIApplicationSupportsIndirectInputEvents = YES;
				INFOPLIST_KEY_UILaunchScreen_Generation = YES;
				INFOPLIST_KEY_UISupportedInterfaceOrientations_iPad = "UIInterfaceOrientationPortrait UIInterfaceOrientationPortraitUpsideDown UIInterfaceOrientationLandscapeLeft UIInterfaceOrientationLandscapeRight";
				INFOPLIST_KEY_UISupportedInterfaceOrientations_iPhone = "UIInterfaceOrientationPortrait UIInterfaceOrientationLandscapeLeft UIInterfaceOrientationLandscapeRight";
				LD_RUNPATH_SEARCH_PATHS = (
					"$(inherited)",
					"@executable_path/Frameworks",
				);
				MARKETING_VERSION = 1.0;
				PRODUCT_BUNDLE_IDENTIFIER = "zabashtina.Recipes-dsr";
				PRODUCT_NAME = "$(TARGET_NAME)";
				SWIFT_EMIT_LOC_STRINGS = YES;
				SWIFT_VERSION = 5.0;
				TARGETED_DEVICE_FAMILY = "1,2";
			};
			name = Release;
		};
/* End XCBuildConfiguration section */

/* Begin XCConfigurationList section */
		7447BA2A2A49F4A400CE11DE /* Build configuration list for PBXProject "Recipes" */ = {
			isa = XCConfigurationList;
			buildConfigurations = (
				7447BA3B2A49F4A700CE11DE /* Debug */,
				7447BA3C2A49F4A700CE11DE /* Release */,
			);
			defaultConfigurationIsVisible = 0;
			defaultConfigurationName = Release;
		};
		7447BA3D2A49F4A700CE11DE /* Build configuration list for PBXNativeTarget "Recipes" */ = {
			isa = XCConfigurationList;
			buildConfigurations = (
				7447BA3E2A49F4A700CE11DE /* Debug */,
				7447BA3F2A49F4A700CE11DE /* Release */,
			);
			defaultConfigurationIsVisible = 0;
			defaultConfigurationName = Release;
		};
/* End XCConfigurationList section */

/* Begin XCRemoteSwiftPackageReference section */
		7447BA4B2A4A1FB400CE11DE /* XCRemoteSwiftPackageReference "realm-swift" */ = {
			isa = XCRemoteSwiftPackageReference;
			repositoryURL = "https://github.com/realm/realm-swift";
			requirement = {
				branch = master;
				kind = branch;
			};
		};
/* End XCRemoteSwiftPackageReference section */

/* Begin XCSwiftPackageProductDependency section */
		7447BA4C2A4A1FB400CE11DE /* Realm */ = {
			isa = XCSwiftPackageProductDependency;
			package = 7447BA4B2A4A1FB400CE11DE /* XCRemoteSwiftPackageReference "realm-swift" */;
			productName = Realm;
		};
		7447BA4E2A4A1FB400CE11DE /* RealmSwift */ = {
			isa = XCSwiftPackageProductDependency;
			package = 7447BA4B2A4A1FB400CE11DE /* XCRemoteSwiftPackageReference "realm-swift" */;
			productName = RealmSwift;
		};
/* End XCSwiftPackageProductDependency section */
	};
	rootObject = 7447BA272A49F4A400CE11DE /* Project object */;
}
